
Microsoft Visual Studio Solution File, Format Version 12.00
# Visual Studio Version 17
VisualStudioVersion = 17.9.34701.34
MinimumVisualStudioVersion = 10.0.40219.1
Project("{FAE04EC0-301F-11D3-BF4B-00C04F79EFBC}") = "c#_study_method", "c#_study_method\c#_study_method.csproj", "{C278A0E6-08C2-4E1F-ACBB-417058F54ABE}"
EndProject
Project("{FAE04EC0-301F-11D3-BF4B-00C04F79EFBC}") = "c#_study_methodex1", "c#_study_methodex1\c#_study_methodex1.csproj", "{9E97B5B3-B37B-4CF9-BFF0-38882AE58524}"
EndProject
Project("{FAE04EC0-301F-11D3-BF4B-00C04F79EFBC}") = "ex2", "ex2\ex2.csproj", "{6B34B26C-04D9-48CD-B464-11E5901D74A9}"
EndProject
Project("{FAE04EC0-301F-11D3-BF4B-00C04F79EFBC}") = "helloc#033", "helloc#033\helloc#033.csproj", "{5BAE837C-D6D8-4505-A095-9202BBAD7522}"
EndProject
Project("{FAE04EC0-301F-11D3-BF4B-00C04F79EFBC}") = "ex3", "ex3\ex3.csproj", "{DEA1A934-342B-4BA6-A9E9-DAE9C6AAFE91}"
EndProject
Project("{FAE04EC0-301F-11D3-BF4B-00C04F79EFBC}") = "ex4", "ex4\ex4.csproj", "{33722EE3-F633-4770-943F-D3D589BD20F6}"
EndProject
Project("{FAE04EC0-301F-11D3-BF4B-00C04F79EFBC}") = "numfind", "numfind\numfind.csproj", "{7E56ECE5-F722-41B6-B5B6-A3EACFA47D82}"
EndProject
Project("{FAE04EC0-301F-11D3-BF4B-00C04F79EFBC}") = "MyMath", "MyMath\MyMath.csproj", "{1A08712B-6D42-49BE-A114-D4260B3363E9}"
EndProject
Project("{FAE04EC0-301F-11D3-BF4B-00C04F79EFBC}") = "Helloc#035", "Helloc#035\Helloc#035.csproj", "{4212ACB9-76C8-4760-9936-E2FBBE08BB9B}"
EndProject
Project("{FAE04EC0-301F-11D3-BF4B-00C04F79EFBC}") = "Helloc#034", "Helloc#034\Helloc#034.csproj", "{826CA5D9-27D6-4322-ABCF-358613E99F9E}"
EndProject
Project("{FAE04EC0-301F-11D3-BF4B-00C04F79EFBC}") = "helloc#036", "helloc#036\helloc#036.csproj", "{AE841AE4-CB22-46FC-AF54-F81CCC39B2C6}"
EndProject
Project("{FAE04EC0-301F-11D3-BF4B-00C04F79EFBC}") = "Hello_c#_037", "Hello_c#_037\Hello_c#_037.csproj", "{CA88D814-E132-4997-8A83-CC3EA556858D}"
EndProject
Global
	GlobalSection(SolutionConfigurationPlatforms) = preSolution
		Debug|Any CPU = Debug|Any CPU
		Release|Any CPU = Release|Any CPU
	EndGlobalSection
	GlobalSection(ProjectConfigurationPlatforms) = postSolution
		{C278A0E6-08C2-4E1F-ACBB-417058F54ABE}.Debug|Any CPU.ActiveCfg = Debug|Any CPU
		{C278A0E6-08C2-4E1F-ACBB-417058F54ABE}.Debug|Any CPU.Build.0 = Debug|Any CPU
		{C278A0E6-08C2-4E1F-ACBB-417058F54ABE}.Release|Any CPU.ActiveCfg = Release|Any CPU
		{C278A0E6-08C2-4E1F-ACBB-417058F54ABE}.Release|Any CPU.Build.0 = Release|Any CPU
		{9E97B5B3-B37B-4CF9-BFF0-38882AE58524}.Debug|Any CPU.ActiveCfg = Debug|Any CPU
		{9E97B5B3-B37B-4CF9-BFF0-38882AE58524}.Debug|Any CPU.Build.0 = Debug|Any CPU
		{9E97B5B3-B37B-4CF9-BFF0-38882AE58524}.Release|Any CPU.ActiveCfg = Release|Any CPU
		{9E97B5B3-B37B-4CF9-BFF0-38882AE58524}.Release|Any CPU.Build.0 = Release|Any CPU
		{6B34B26C-04D9-48CD-B464-11E5901D74A9}.Debug|Any CPU.ActiveCfg = Debug|Any CPU
		{6B34B26C-04D9-48CD-B464-11E5901D74A9}.Debug|Any CPU.Build.0 = Debug|Any CPU
		{6B34B26C-04D9-48CD-B464-11E5901D74A9}.Release|Any CPU.ActiveCfg = Release|Any CPU
		{6B34B26C-04D9-48CD-B464-11E5901D74A9}.Release|Any CPU.Build.0 = Release|Any CPU
		{5BAE837C-D6D8-4505-A095-9202BBAD7522}.Debug|Any CPU.ActiveCfg = Debug|Any CPU
		{5BAE837C-D6D8-4505-A095-9202BBAD7522}.Debug|Any CPU.Build.0 = Debug|Any CPU
		{5BAE837C-D6D8-4505-A095-9202BBAD7522}.Release|Any CPU.ActiveCfg = Release|Any CPU
		{5BAE837C-D6D8-4505-A095-9202BBAD7522}.Release|Any CPU.Build.0 = Release|Any CPU
		{DEA1A934-342B-4BA6-A9E9-DAE9C6AAFE91}.Debug|Any CPU.ActiveCfg = Debug|Any CPU
		{DEA1A934-342B-4BA6-A9E9-DAE9C6AAFE91}.Debug|Any CPU.Build.0 = Debug|Any CPU
		{DEA1A934-342B-4BA6-A9E9-DAE9C6AAFE91}.Release|Any CPU.ActiveCfg = Release|Any CPU
		{DEA1A934-342B-4BA6-A9E9-DAE9C6AAFE91}.Release|Any CPU.Build.0 = Release|Any CPU
		{33722EE3-F633-4770-943F-D3D589BD20F6}.Debug|Any CPU.ActiveCfg = Debug|Any CPU
		{33722EE3-F633-4770-943F-D3D589BD20F6}.Debug|Any CPU.Build.0 = Debug|Any CPU
		{33722EE3-F633-4770-943F-D3D589BD20F6}.Release|Any CPU.ActiveCfg = Release|Any CPU
		{33722EE3-F633-4770-943F-D3D589BD20F6}.Release|Any CPU.Build.0 = Release|Any CPU
		{7E56ECE5-F722-41B6-B5B6-A3EACFA47D82}.Debug|Any CPU.ActiveCfg = Debug|Any CPU
		{7E56ECE5-F722-41B6-B5B6-A3EACFA47D82}.Debug|Any CPU.Build.0 = Debug|Any CPU
		{7E56ECE5-F722-41B6-B5B6-A3EACFA47D82}.Release|Any CPU.ActiveCfg = Release|Any CPU
		{7E56ECE5-F722-41B6-B5B6-A3EACFA47D82}.Release|Any CPU.Build.0 = Release|Any CPU
		{1A08712B-6D42-49BE-A114-D4260B3363E9}.Debug|Any CPU.ActiveCfg = Debug|Any CPU
		{1A08712B-6D42-49BE-A114-D4260B3363E9}.Debug|Any CPU.Build.0 = Debug|Any CPU
		{1A08712B-6D42-49BE-A114-D4260B3363E9}.Release|Any CPU.ActiveCfg = Release|Any CPU
		{1A08712B-6D42-49BE-A114-D4260B3363E9}.Release|Any CPU.Build.0 = Release|Any CPU
		{4212ACB9-76C8-4760-9936-E2FBBE08BB9B}.Debug|Any CPU.ActiveCfg = Debug|Any CPU
		{4212ACB9-76C8-4760-9936-E2FBBE08BB9B}.Debug|Any CPU.Build.0 = Debug|Any CPU
		{4212ACB9-76C8-4760-9936-E2FBBE08BB9B}.Release|Any CPU.ActiveCfg = Release|Any CPU
		{4212ACB9-76C8-4760-9936-E2FBBE08BB9B}.Release|Any CPU.Build.0 = Release|Any CPU
		{826CA5D9-27D6-4322-ABCF-358613E99F9E}.Debug|Any CPU.ActiveCfg = Debug|Any CPU
		{826CA5D9-27D6-4322-ABCF-358613E99F9E}.Debug|Any CPU.Build.0 = Debug|Any CPU
		{826CA5D9-27D6-4322-ABCF-358613E99F9E}.Release|Any CPU.ActiveCfg = Release|Any CPU
		{826CA5D9-27D6-4322-ABCF-358613E99F9E}.Release|Any CPU.Build.0 = Release|Any CPU
		{AE841AE4-CB22-46FC-AF54-F81CCC39B2C6}.Debug|Any CPU.ActiveCfg = Debug|Any CPU
		{AE841AE4-CB22-46FC-AF54-F81CCC39B2C6}.Debug|Any CPU.Build.0 = Debug|Any CPU
		{AE841AE4-CB22-46FC-AF54-F81CCC39B2C6}.Release|Any CPU.ActiveCfg = Release|Any CPU
		{AE841AE4-CB22-46FC-AF54-F81CCC39B2C6}.Release|Any CPU.Build.0 = Release|Any CPU
		{CA88D814-E132-4997-8A83-CC3EA556858D}.Debug|Any CPU.ActiveCfg = Debug|Any CPU
		{CA88D814-E132-4997-8A83-CC3EA556858D}.Debug|Any CPU.Build.0 = Debug|Any CPU
		{CA88D814-E132-4997-8A83-CC3EA556858D}.Release|Any CPU.ActiveCfg = Release|Any CPU
		{CA88D814-E132-4997-8A83-CC3EA556858D}.Release|Any CPU.Build.0 = Release|Any CPU
	EndGlobalSection
	GlobalSection(SolutionProperties) = preSolution
		HideSolutionNode = FALSE
	EndGlobalSection
	GlobalSection(ExtensibilityGlobals) = postSolution
		SolutionGuid = {DD520C11-E9DC-4912-B53D-1B4BF4CCB6F3}
	EndGlobalSection
EndGlobal
