
Microsoft Visual Studio Solution File, Format Version 12.00
# Visual Studio Version 17
VisualStudioVersion = 17.9.34701.34
MinimumVisualStudioVersion = 10.0.40219.1
Project("{FAE04EC0-301F-11D3-BF4B-00C04F79EFBC}") = "retty", "retty\retty.csproj", "{937ED0F1-B7A7-4437-B069-6D6EE68ECF94}"
EndProject
Global
	GlobalSection(SolutionConfigurationPlatforms) = preSolution
		Debug|Any CPU = Debug|Any CPU
		Release|Any CPU = Release|Any CPU
	EndGlobalSection
	GlobalSection(ProjectConfigurationPlatforms) = postSolution
		{937ED0F1-B7A7-4437-B069-6D6EE68ECF94}.Debug|Any CPU.ActiveCfg = Debug|Any CPU
		{937ED0F1-B7A7-4437-B069-6D6EE68ECF94}.Debug|Any CPU.Build.0 = Debug|Any CPU
		{937ED0F1-B7A7-4437-B069-6D6EE68ECF94}.Release|Any CPU.ActiveCfg = Release|Any CPU
		{937ED0F1-B7A7-4437-B069-6D6EE68ECF94}.Release|Any CPU.Build.0 = Release|Any CPU
	EndGlobalSection
	GlobalSection(SolutionProperties) = preSolution
		HideSolutionNode = FALSE
	EndGlobalSection
	GlobalSection(ExtensibilityGlobals) = postSolution
		SolutionGuid = {1C9C0869-B7C9-4112-B139-AC58E83B099D}
	EndGlobalSection
EndGlobal
