
Microsoft Visual Studio Solution File, Format Version 12.00
# Visual Studio Version 17
VisualStudioVersion = 17.9.34701.34
MinimumVisualStudioVersion = 10.0.40219.1
Project("{FAE04EC0-301F-11D3-BF4B-00C04F79EFBC}") = "c#_study_08", "c#_study_08\c#_study_08.csproj", "{74D0D735-1792-4E66-8525-979FC8247623}"
EndProject
Global
	GlobalSection(SolutionConfigurationPlatforms) = preSolution
		Debug|Any CPU = Debug|Any CPU
		Release|Any CPU = Release|Any CPU
	EndGlobalSection
	GlobalSection(ProjectConfigurationPlatforms) = postSolution
		{74D0D735-1792-4E66-8525-979FC8247623}.Debug|Any CPU.ActiveCfg = Debug|Any CPU
		{74D0D735-1792-4E66-8525-979FC8247623}.Debug|Any CPU.Build.0 = Debug|Any CPU
		{74D0D735-1792-4E66-8525-979FC8247623}.Release|Any CPU.ActiveCfg = Release|Any CPU
		{74D0D735-1792-4E66-8525-979FC8247623}.Release|Any CPU.Build.0 = Release|Any CPU
	EndGlobalSection
	GlobalSection(SolutionProperties) = preSolution
		HideSolutionNode = FALSE
	EndGlobalSection
	GlobalSection(ExtensibilityGlobals) = postSolution
		SolutionGuid = {4A083A35-16D1-42A6-9106-E068CE50D994}
	EndGlobalSection
EndGlobal
