
Microsoft Visual Studio Solution File, Format Version 12.00
# Visual Studio Version 17
VisualStudioVersion = 17.9.34701.34
MinimumVisualStudioVersion = 10.0.40219.1
Project("{FAE04EC0-301F-11D3-BF4B-00C04F79EFBC}") = "c#_study_07", "c#_study_07\c#_study_07.csproj", "{F929F74C-B4BF-4430-AF52-CA81DCAAA784}"
EndProject
Project("{FAE04EC0-301F-11D3-BF4B-00C04F79EFBC}") = "c#_study_07_play", "c#_study_07_play\c#_study_07_play.csproj", "{EC87AE0E-F67B-4B99-BC42-055D1997F748}"
EndProject
Project("{FAE04EC0-301F-11D3-BF4B-00C04F79EFBC}") = "c#_study_07_play2", "c#_study_07_play2\c#_study_07_play2.csproj", "{F8111AD7-67F8-4E9A-8BB5-3CD807F1BDE9}"
EndProject
Project("{FAE04EC0-301F-11D3-BF4B-00C04F79EFBC}") = "c#_study_07_student", "c#_study_07_student\c#_study_07_student.csproj", "{F8DFDE71-3CD9-42AE-9FEA-D2C59028A80B}"
EndProject
Project("{2150E333-8FDC-42A3-9474-1A3956D46DE8}") = "솔루션 항목", "솔루션 항목", "{22C65E44-EA78-48A1-8230-C0DA852B2C38}"
	ProjectSection(SolutionItems) = preProject
		std.cs = std.cs
	EndProjectSection
EndProject
Project("{FAE04EC0-301F-11D3-BF4B-00C04F79EFBC}") = "ex1", "ex1\ex1.csproj", "{F078B459-46F8-4C27-80EE-B54737E76444}"
EndProject
Global
	GlobalSection(SolutionConfigurationPlatforms) = preSolution
		Debug|Any CPU = Debug|Any CPU
		Release|Any CPU = Release|Any CPU
	EndGlobalSection
	GlobalSection(ProjectConfigurationPlatforms) = postSolution
		{F929F74C-B4BF-4430-AF52-CA81DCAAA784}.Debug|Any CPU.ActiveCfg = Debug|Any CPU
		{F929F74C-B4BF-4430-AF52-CA81DCAAA784}.Debug|Any CPU.Build.0 = Debug|Any CPU
		{F929F74C-B4BF-4430-AF52-CA81DCAAA784}.Release|Any CPU.ActiveCfg = Release|Any CPU
		{F929F74C-B4BF-4430-AF52-CA81DCAAA784}.Release|Any CPU.Build.0 = Release|Any CPU
		{EC87AE0E-F67B-4B99-BC42-055D1997F748}.Debug|Any CPU.ActiveCfg = Debug|Any CPU
		{EC87AE0E-F67B-4B99-BC42-055D1997F748}.Debug|Any CPU.Build.0 = Debug|Any CPU
		{EC87AE0E-F67B-4B99-BC42-055D1997F748}.Release|Any CPU.ActiveCfg = Release|Any CPU
		{EC87AE0E-F67B-4B99-BC42-055D1997F748}.Release|Any CPU.Build.0 = Release|Any CPU
		{F8111AD7-67F8-4E9A-8BB5-3CD807F1BDE9}.Debug|Any CPU.ActiveCfg = Debug|Any CPU
		{F8111AD7-67F8-4E9A-8BB5-3CD807F1BDE9}.Debug|Any CPU.Build.0 = Debug|Any CPU
		{F8111AD7-67F8-4E9A-8BB5-3CD807F1BDE9}.Release|Any CPU.ActiveCfg = Release|Any CPU
		{F8111AD7-67F8-4E9A-8BB5-3CD807F1BDE9}.Release|Any CPU.Build.0 = Release|Any CPU
		{F8DFDE71-3CD9-42AE-9FEA-D2C59028A80B}.Debug|Any CPU.ActiveCfg = Debug|Any CPU
		{F8DFDE71-3CD9-42AE-9FEA-D2C59028A80B}.Debug|Any CPU.Build.0 = Debug|Any CPU
		{F8DFDE71-3CD9-42AE-9FEA-D2C59028A80B}.Release|Any CPU.ActiveCfg = Release|Any CPU
		{F8DFDE71-3CD9-42AE-9FEA-D2C59028A80B}.Release|Any CPU.Build.0 = Release|Any CPU
		{F078B459-46F8-4C27-80EE-B54737E76444}.Debug|Any CPU.ActiveCfg = Debug|Any CPU
		{F078B459-46F8-4C27-80EE-B54737E76444}.Debug|Any CPU.Build.0 = Debug|Any CPU
		{F078B459-46F8-4C27-80EE-B54737E76444}.Release|Any CPU.ActiveCfg = Release|Any CPU
		{F078B459-46F8-4C27-80EE-B54737E76444}.Release|Any CPU.Build.0 = Release|Any CPU
	EndGlobalSection
	GlobalSection(SolutionProperties) = preSolution
		HideSolutionNode = FALSE
	EndGlobalSection
	GlobalSection(ExtensibilityGlobals) = postSolution
		SolutionGuid = {BFD5EC7F-4E38-404B-8370-E068999331EA}
	EndGlobalSection
EndGlobal
